
Microsoft Visual Studio Solution File, Format Version 12.00
# Visual Studio 15
VisualStudioVersion = 15.0.27004.2008
MinimumVisualStudioVersion = 10.0.40219.1
Project("{FAE04EC0-301F-11D3-BF4B-00C04F79EFBC}") = "ESys", "ESys.csproj", "{24F23D0C-6DB0-4F17-8B9E-4218E9CE4059}"
	ProjectSection(ProjectDependencies) = postProject
		{CC8AF439-BC0B-4135-BD36-1EDEE629EE3B} = {CC8AF439-BC0B-4135-BD36-1EDEE629EE3B}
		{EA40116F-495C-4563-ACF7-2D5DEF430748} = {EA40116F-495C-4563-ACF7-2D5DEF430748}
		{D3D4399E-F1EE-40A2-ABC6-4FF4C03A2178} = {D3D4399E-F1EE-40A2-ABC6-4FF4C03A2178}
		{771B7BA8-B8DD-4904-B500-20D20DA84795} = {771B7BA8-B8DD-4904-B500-20D20DA84795}
	EndProjectSection
EndProject
Project("{2150E333-8FDC-42A3-9474-1A3956D46DE8}") = "Web", "Web", "{ABCE34F8-D973-4AB5-AA5D-2EA2928F28C5}"
EndProject
Project("{2150E333-8FDC-42A3-9474-1A3956D46DE8}") = "ESys.API", "ESys.API", "{E2E5F922-A5F8-4B04-86D9-2B88B8FAB516}"
	ProjectSection(SolutionItems) = preProject
		CodeFirst使用說明.txt = CodeFirst使用說明.txt
	EndProjectSection
EndProject
Project("{FAE04EC0-301F-11D3-BF4B-00C04F79EFBC}") = "0_DB", "..\ESys.API\0_DB\0_DB.csproj", "{771B7BA8-B8DD-4904-B500-20D20DA84795}"
EndProject
Project("{FAE04EC0-301F-11D3-BF4B-00C04F79EFBC}") = "1_Library", "..\ESys.API\1_Library\1_Library.csproj", "{CC8AF439-BC0B-4135-BD36-1EDEE629EE3B}"
EndProject
Project("{FAE04EC0-301F-11D3-BF4B-00C04F79EFBC}") = "2_WebModels", "..\ESys.API\2_WebModels\2_WebModels.csproj", "{EA40116F-495C-4563-ACF7-2D5DEF430748}"
EndProject
Project("{FAE04EC0-301F-11D3-BF4B-00C04F79EFBC}") = "3_ViewHelper", "..\ESys.API\3_ViewHelper\3_ViewHelper.csproj", "{D3D4399E-F1EE-40A2-ABC6-4FF4C03A2178}"
EndProject
Global
	GlobalSection(SolutionConfigurationPlatforms) = preSolution
		Debug|Any CPU = Debug|Any CPU
		Release|Any CPU = Release|Any CPU
	EndGlobalSection
	GlobalSection(ProjectConfigurationPlatforms) = postSolution
		{24F23D0C-6DB0-4F17-8B9E-4218E9CE4059}.Debug|Any CPU.ActiveCfg = Debug|Any CPU
		{24F23D0C-6DB0-4F17-8B9E-4218E9CE4059}.Debug|Any CPU.Build.0 = Debug|Any CPU
		{24F23D0C-6DB0-4F17-8B9E-4218E9CE4059}.Release|Any CPU.ActiveCfg = Release|Any CPU
		{24F23D0C-6DB0-4F17-8B9E-4218E9CE4059}.Release|Any CPU.Build.0 = Release|Any CPU
		{771B7BA8-B8DD-4904-B500-20D20DA84795}.Debug|Any CPU.ActiveCfg = Debug|Any CPU
		{771B7BA8-B8DD-4904-B500-20D20DA84795}.Debug|Any CPU.Build.0 = Debug|Any CPU
		{771B7BA8-B8DD-4904-B500-20D20DA84795}.Release|Any CPU.ActiveCfg = Release|Any CPU
		{771B7BA8-B8DD-4904-B500-20D20DA84795}.Release|Any CPU.Build.0 = Release|Any CPU
		{CC8AF439-BC0B-4135-BD36-1EDEE629EE3B}.Debug|Any CPU.ActiveCfg = Debug|Any CPU
		{CC8AF439-BC0B-4135-BD36-1EDEE629EE3B}.Debug|Any CPU.Build.0 = Debug|Any CPU
		{CC8AF439-BC0B-4135-BD36-1EDEE629EE3B}.Release|Any CPU.ActiveCfg = Release|Any CPU
		{CC8AF439-BC0B-4135-BD36-1EDEE629EE3B}.Release|Any CPU.Build.0 = Release|Any CPU
		{EA40116F-495C-4563-ACF7-2D5DEF430748}.Debug|Any CPU.ActiveCfg = Debug|Any CPU
		{EA40116F-495C-4563-ACF7-2D5DEF430748}.Debug|Any CPU.Build.0 = Debug|Any CPU
		{EA40116F-495C-4563-ACF7-2D5DEF430748}.Release|Any CPU.ActiveCfg = Release|Any CPU
		{EA40116F-495C-4563-ACF7-2D5DEF430748}.Release|Any CPU.Build.0 = Release|Any CPU
		{D3D4399E-F1EE-40A2-ABC6-4FF4C03A2178}.Debug|Any CPU.ActiveCfg = Debug|Any CPU
		{D3D4399E-F1EE-40A2-ABC6-4FF4C03A2178}.Debug|Any CPU.Build.0 = Debug|Any CPU
		{D3D4399E-F1EE-40A2-ABC6-4FF4C03A2178}.Release|Any CPU.ActiveCfg = Release|Any CPU
		{D3D4399E-F1EE-40A2-ABC6-4FF4C03A2178}.Release|Any CPU.Build.0 = Release|Any CPU
	EndGlobalSection
	GlobalSection(SolutionProperties) = preSolution
		HideSolutionNode = FALSE
	EndGlobalSection
	GlobalSection(NestedProjects) = preSolution
		{24F23D0C-6DB0-4F17-8B9E-4218E9CE4059} = {ABCE34F8-D973-4AB5-AA5D-2EA2928F28C5}
		{771B7BA8-B8DD-4904-B500-20D20DA84795} = {E2E5F922-A5F8-4B04-86D9-2B88B8FAB516}
		{CC8AF439-BC0B-4135-BD36-1EDEE629EE3B} = {E2E5F922-A5F8-4B04-86D9-2B88B8FAB516}
		{EA40116F-495C-4563-ACF7-2D5DEF430748} = {E2E5F922-A5F8-4B04-86D9-2B88B8FAB516}
		{D3D4399E-F1EE-40A2-ABC6-4FF4C03A2178} = {E2E5F922-A5F8-4B04-86D9-2B88B8FAB516}
	EndGlobalSection
	GlobalSection(ExtensibilityGlobals) = postSolution
		SolutionGuid = {4194B1D9-E729-42F3-807F-D695B6835E4F}
	EndGlobalSection
EndGlobal
